// !$*UTF8*$!
{
	archiveVersion = 1;
	classes = {
	};
	objectVersion = 50;
	objects = {

/* Begin PBXBuildFile section */
		3AB9523E22795336006B8E89 /* AppDelegate.swift in Sources */ = {isa = PBXBuildFile; fileRef = 3AB9523D22795336006B8E89 /* AppDelegate.swift */; };
		3AB9524022795336006B8E89 /* CoinViewController.swift in Sources */ = {isa = PBXBuildFile; fileRef = 3AB9523F22795336006B8E89 /* CoinViewController.swift */; };
		3AB9524322795336006B8E89 /* Main.storyboard in Resources */ = {isa = PBXBuildFile; fileRef = 3AB9524122795336006B8E89 /* Main.storyboard */; };
		3AB9524522795337006B8E89 /* Assets.xcassets in Resources */ = {isa = PBXBuildFile; fileRef = 3AB9524422795337006B8E89 /* Assets.xcassets */; };
		3AB9524822795337006B8E89 /* LaunchScreen.storyboard in Resources */ = {isa = PBXBuildFile; fileRef = 3AB9524622795337006B8E89 /* LaunchScreen.storyboard */; };
		3AB95250227954D4006B8E89 /* CoinViewModel.swift in Sources */ = {isa = PBXBuildFile; fileRef = 3AB9524F227954D4006B8E89 /* CoinViewModel.swift */; };
		3AB9525222795531006B8E89 /* Constants.swift in Sources */ = {isa = PBXBuildFile; fileRef = 3AB9525122795531006B8E89 /* Constants.swift */; };
		3AB95254227956A4006B8E89 /* CoinCollectionViewCell.swift in Sources */ = {isa = PBXBuildFile; fileRef = 3AB95253227956A4006B8E89 /* CoinCollectionViewCell.swift */; };
		8A8D8C5EB7B92CD9E5252915 /* Pods_Coinbase_Icons.framework in Frameworks */ = {isa = PBXBuildFile; fileRef = F69B3732F0E46AE4DED11800 /* Pods_Coinbase_Icons.framework */; };
/* End PBXBuildFile section */

/* Begin PBXFileReference section */
		3AB9523A22795336006B8E89 /* Coinbase Icons.app */ = {isa = PBXFileReference; explicitFileType = wrapper.application; includeInIndex = 0; path = "Coinbase Icons.app"; sourceTree = BUILT_PRODUCTS_DIR; };
		3AB9523D22795336006B8E89 /* AppDelegate.swift */ = {isa = PBXFileReference; lastKnownFileType = sourcecode.swift; path = AppDelegate.swift; sourceTree = "<group>"; };
		3AB9523F22795336006B8E89 /* CoinViewController.swift */ = {isa = PBXFileReference; lastKnownFileType = sourcecode.swift; path = CoinViewController.swift; sourceTree = "<group>"; };
		3AB9524222795336006B8E89 /* Base */ = {isa = PBXFileReference; lastKnownFileType = file.storyboard; name = Base; path = Base.lproj/Main.storyboard; sourceTree = "<group>"; };
		3AB9524422795337006B8E89 /* Assets.xcassets */ = {isa = PBXFileReference; lastKnownFileType = folder.assetcatalog; path = Assets.xcassets; sourceTree = "<group>"; };
		3AB9524722795337006B8E89 /* Base */ = {isa = PBXFileReference; lastKnownFileType = file.storyboard; name = Base; path = Base.lproj/LaunchScreen.storyboard; sourceTree = "<group>"; };
		3AB9524922795337006B8E89 /* Info.plist */ = {isa = PBXFileReference; lastKnownFileType = text.plist.xml; path = Info.plist; sourceTree = "<group>"; };
		3AB9524F227954D4006B8E89 /* CoinViewModel.swift */ = {isa = PBXFileReference; lastKnownFileType = sourcecode.swift; path = CoinViewModel.swift; sourceTree = "<group>"; };
		3AB9525122795531006B8E89 /* Constants.swift */ = {isa = PBXFileReference; lastKnownFileType = sourcecode.swift; path = Constants.swift; sourceTree = "<group>"; };
		3AB95253227956A4006B8E89 /* CoinCollectionViewCell.swift */ = {isa = PBXFileReference; lastKnownFileType = sourcecode.swift; path = CoinCollectionViewCell.swift; sourceTree = "<group>"; };
		96125787716875B59255D238 /* Pods-Coinbase Icons.debug.xcconfig */ = {isa = PBXFileReference; includeInIndex = 1; lastKnownFileType = text.xcconfig; name = "Pods-Coinbase Icons.debug.xcconfig"; path = "Target Support Files/Pods-Coinbase Icons/Pods-Coinbase Icons.debug.xcconfig"; sourceTree = "<group>"; };
		F69B3732F0E46AE4DED11800 /* Pods_Coinbase_Icons.framework */ = {isa = PBXFileReference; explicitFileType = wrapper.framework; includeInIndex = 0; path = Pods_Coinbase_Icons.framework; sourceTree = BUILT_PRODUCTS_DIR; };
		FFB4063A824C0AFDFB59D4B3 /* Pods-Coinbase Icons.release.xcconfig */ = {isa = PBXFileReference; includeInIndex = 1; lastKnownFileType = text.xcconfig; name = "Pods-Coinbase Icons.release.xcconfig"; path = "Target Support Files/Pods-Coinbase Icons/Pods-Coinbase Icons.release.xcconfig"; sourceTree = "<group>"; };
/* End PBXFileReference section */

/* Begin PBXFrameworksBuildPhase section */
		3AB9523722795336006B8E89 /* Frameworks */ = {
			isa = PBXFrameworksBuildPhase;
			buildActionMask = 2147483647;
			files = (
				8A8D8C5EB7B92CD9E5252915 /* Pods_Coinbase_Icons.framework in Frameworks */,
			);
			runOnlyForDeploymentPostprocessing = 0;
		};
/* End PBXFrameworksBuildPhase section */

/* Begin PBXGroup section */
		3AB9523122795336006B8E89 = {
			isa = PBXGroup;
			children = (
				3AB9523C22795336006B8E89 /* Coinbase Icons */,
				3AB9523B22795336006B8E89 /* Products */,
				93C8674128DA89BF59EC5E65 /* Pods */,
				E638C299DFBC696CF2487D20 /* Frameworks */,
			);
			sourceTree = "<group>";
		};
		3AB9523B22795336006B8E89 /* Products */ = {
			isa = PBXGroup;
			children = (
				3AB9523A22795336006B8E89 /* Coinbase Icons.app */,
			);
			name = Products;
			sourceTree = "<group>";
		};
		3AB9523C22795336006B8E89 /* Coinbase Icons */ = {
			isa = PBXGroup;
			children = (
				3AB9524922795337006B8E89 /* Info.plist */,
				3AB9523D22795336006B8E89 /* AppDelegate.swift */,
				3AB95255227956AD006B8E89 /* Coin View */,
				3AB9525122795531006B8E89 /* Constants.swift */,
				3AB9524422795337006B8E89 /* Assets.xcassets */,
				3AB9524622795337006B8E89 /* LaunchScreen.storyboard */,
				3AB9524122795336006B8E89 /* Main.storyboard */,
			);
			path = "Coinbase Icons";
			sourceTree = "<group>";
		};
		3AB95255227956AD006B8E89 /* Coin View */ = {
			isa = PBXGroup;
			children = (
				3AB9523F22795336006B8E89 /* CoinViewController.swift */,
				3AB9524F227954D4006B8E89 /* CoinViewModel.swift */,
				3AB95253227956A4006B8E89 /* CoinCollectionViewCell.swift */,
			);
			path = "Coin View";
			sourceTree = "<group>";
		};
		93C8674128DA89BF59EC5E65 /* Pods */ = {
			isa = PBXGroup;
			children = (
				96125787716875B59255D238 /* Pods-Coinbase Icons.debug.xcconfig */,
				FFB4063A824C0AFDFB59D4B3 /* Pods-Coinbase Icons.release.xcconfig */,
			);
			name = Pods;
			path = Pods;
			sourceTree = "<group>";
		};
		E638C299DFBC696CF2487D20 /* Frameworks */ = {
			isa = PBXGroup;
			children = (
				F69B3732F0E46AE4DED11800 /* Pods_Coinbase_Icons.framework */,
			);
			name = Frameworks;
			sourceTree = "<group>";
		};
/* End PBXGroup section */

/* Begin PBXNativeTarget section */
		3AB9523922795336006B8E89 /* Coinbase Icons */ = {
			isa = PBXNativeTarget;
			buildConfigurationList = 3AB9524C22795337006B8E89 /* Build configuration list for PBXNativeTarget "Coinbase Icons" */;
			buildPhases = (
				F755DBA244A6A1F22308B459 /* [CP] Check Pods Manifest.lock */,
				3AB9523622795336006B8E89 /* Sources */,
				3AB9523722795336006B8E89 /* Frameworks */,
				3AB9523822795336006B8E89 /* Resources */,
				2030E559CE18FA4F292D8C4B /* [CP] Embed Pods Frameworks */,
			);
			buildRules = (
			);
			dependencies = (
			);
			name = "Coinbase Icons";
			productName = "Coinbase Icons";
			productReference = 3AB9523A22795336006B8E89 /* Coinbase Icons.app */;
			productType = "com.apple.product-type.application";
		};
/* End PBXNativeTarget section */

/* Begin PBXProject section */
		3AB9523222795336006B8E89 /* Project object */ = {
			isa = PBXProject;
			attributes = {
				LastSwiftUpdateCheck = 1020;
				LastUpgradeCheck = 1020;
				ORGANIZATIONNAME = "Jadehopper Ltd";
				TargetAttributes = {
					3AB9523922795336006B8E89 = {
						CreatedOnToolsVersion = 10.2.1;
					};
				};
			};
			buildConfigurationList = 3AB9523522795336006B8E89 /* Build configuration list for PBXProject "Coinbase Icons" */;
			compatibilityVersion = "Xcode 9.3";
			developmentRegion = en;
			hasScannedForEncodings = 0;
			knownRegions = (
				en,
				Base,
			);
			mainGroup = 3AB9523122795336006B8E89;
			productRefGroup = 3AB9523B22795336006B8E89 /* Products */;
			projectDirPath = "";
			projectRoot = "";
			targets = (
				3AB9523922795336006B8E89 /* Coinbase Icons */,
			);
		};
/* End PBXProject section */

/* Begin PBXResourcesBuildPhase section */
		3AB9523822795336006B8E89 /* Resources */ = {
			isa = PBXResourcesBuildPhase;
			buildActionMask = 2147483647;
			files = (
				3AB9524822795337006B8E89 /* LaunchScreen.storyboard in Resources */,
				3AB9524522795337006B8E89 /* Assets.xcassets in Resources */,
				3AB9524322795336006B8E89 /* Main.storyboard in Resources */,
			);
			runOnlyForDeploymentPostprocessing = 0;
		};
/* End PBXResourcesBuildPhase section */

/* Begin PBXShellScriptBuildPhase section */
		2030E559CE18FA4F292D8C4B /* [CP] Embed Pods Frameworks */ = {
			isa = PBXShellScriptBuildPhase;
			buildActionMask = 2147483647;
			files = (
			);
			inputFileListPaths = (
			);
			inputPaths = (
				"${PODS_ROOT}/Target Support Files/Pods-Coinbase Icons/Pods-Coinbase Icons-frameworks.sh",
				"${BUILT_PRODUCTS_DIR}/Kanna/Kanna.framework",
				"${BUILT_PRODUCTS_DIR}/Kingfisher/Kingfisher.framework",
			);
			name = "[CP] Embed Pods Frameworks";
			outputFileListPaths = (
			);
			outputPaths = (
				"${TARGET_BUILD_DIR}/${FRAMEWORKS_FOLDER_PATH}/Kanna.framework",
				"${TARGET_BUILD_DIR}/${FRAMEWORKS_FOLDER_PATH}/Kingfisher.framework",
			);
			runOnlyForDeploymentPostprocessing = 0;
			shellPath = /bin/sh;
			shellScript = "\"${PODS_ROOT}/Target Support Files/Pods-Coinbase Icons/Pods-Coinbase Icons-frameworks.sh\"\n";
			showEnvVarsInLog = 0;
		};
		F755DBA244A6A1F22308B459 /* [CP] Check Pods Manifest.lock */ = {
			isa = PBXShellScriptBuildPhase;
			buildActionMask = 2147483647;
			files = (
			);
			inputFileListPaths = (
			);
			inputPaths = (
				"${PODS_PODFILE_DIR_PATH}/Podfile.lock",
				"${PODS_ROOT}/Manifest.lock",
			);
			name = "[CP] Check Pods Manifest.lock";
			outputFileListPaths = (
			);
			outputPaths = (
				"$(DERIVED_FILE_DIR)/Pods-Coinbase Icons-checkManifestLockResult.txt",
			);
			runOnlyForDeploymentPostprocessing = 0;
			shellPath = /bin/sh;
			shellScript = "diff \"${PODS_PODFILE_DIR_PATH}/Podfile.lock\" \"${PODS_ROOT}/Manifest.lock\" > /dev/null\nif [ $? != 0 ] ; then\n    # print error to STDERR\n    echo \"error: The sandbox is not in sync with the Podfile.lock. Run 'pod install' or update your CocoaPods installation.\" >&2\n    exit 1\nfi\n# This output is used by Xcode 'outputs' to avoid re-running this script phase.\necho \"SUCCESS\" > \"${SCRIPT_OUTPUT_FILE_0}\"\n";
			showEnvVarsInLog = 0;
		};
/* End PBXShellScriptBuildPhase section */

/* Begin PBXSourcesBuildPhase section */
		3AB9523622795336006B8E89 /* Sources */ = {
			isa = PBXSourcesBuildPhase;
			buildActionMask = 2147483647;
			files = (
				3AB9524022795336006B8E89 /* CoinViewController.swift in Sources */,
				3AB95250227954D4006B8E89 /* CoinViewModel.swift in Sources */,
				3AB95254227956A4006B8E89 /* CoinCollectionViewCell.swift in Sources */,
				3AB9523E22795336006B8E89 /* AppDelegate.swift in Sources */,
				3AB9525222795531006B8E89 /* Constants.swift in Sources */,
			);
			runOnlyForDeploymentPostprocessing = 0;
		};
/* End PBXSourcesBuildPhase section */

/* Begin PBXVariantGroup section */
		3AB9524122795336006B8E89 /* Main.storyboard */ = {
			isa = PBXVariantGroup;
			children = (
				3AB9524222795336006B8E89 /* Base */,
			);
			name = Main.storyboard;
			sourceTree = "<group>";
		};
		3AB9524622795337006B8E89 /* LaunchScreen.storyboard */ = {
			isa = PBXVariantGroup;
			children = (
				3AB9524722795337006B8E89 /* Base */,
			);
			name = LaunchScreen.storyboard;
			sourceTree = "<group>";
		};
/* End PBXVariantGroup section */

/* Begin XCBuildConfiguration section */
		3AB9524A22795337006B8E89 /* Debug */ = {
			isa = XCBuildConfiguration;
			buildSettings = {
				ALWAYS_SEARCH_USER_PATHS = NO;
				CLANG_ANALYZER_NONNULL = YES;
				CLANG_ANALYZER_NUMBER_OBJECT_CONVERSION = YES_AGGRESSIVE;
				CLANG_CXX_LANGUAGE_STANDARD = "gnu++14";
				CLANG_CXX_LIBRARY = "libc++";
				CLANG_ENABLE_MODULES = YES;
				CLANG_ENABLE_OBJC_ARC = YES;
				CLANG_ENABLE_OBJC_WEAK = YES;
				CLANG_WARN_BLOCK_CAPTURE_AUTORELEASING = YES;
				CLANG_WARN_BOOL_CONVERSION = YES;
				CLANG_WARN_COMMA = YES;
				CLANG_WARN_CONSTANT_CONVERSION = YES;
				CLANG_WARN_DEPRECATED_OBJC_IMPLEMENTATIONS = YES;
				CLANG_WARN_DIRECT_OBJC_ISA_USAGE = YES_ERROR;
				CLANG_WARN_DOCUMENTATION_COMMENTS = YES;
				CLANG_WARN_EMPTY_BODY = YES;
				CLANG_WARN_ENUM_CONVERSION = YES;
				CLANG_WARN_INFINITE_RECURSION = YES;
				CLANG_WARN_INT_CONVERSION = YES;
				CLANG_WARN_NON_LITERAL_NULL_CONVERSION = YES;
				CLANG_WARN_OBJC_IMPLICIT_RETAIN_SELF = YES;
				CLANG_WARN_OBJC_LITERAL_CONVERSION = YES;
				CLANG_WARN_OBJC_ROOT_CLASS = YES_ERROR;
				CLANG_WARN_RANGE_LOOP_ANALYSIS = YES;
				CLANG_WARN_STRICT_PROTOTYPES = YES;
				CLANG_WARN_SUSPICIOUS_MOVE = YES;
				CLANG_WARN_UNGUARDED_AVAILABILITY = YES_AGGRESSIVE;
				CLANG_WARN_UNREACHABLE_CODE = YES;
				CLANG_WARN__DUPLICATE_METHOD_MATCH = YES;
				CODE_SIGN_IDENTITY = "iPhone Developer";
				COPY_PHASE_STRIP = NO;
				DEBUG_INFORMATION_FORMAT = dwarf;
				ENABLE_STRICT_OBJC_MSGSEND = YES;
				ENABLE_TESTABILITY = YES;
				GCC_C_LANGUAGE_STANDARD = gnu11;
				GCC_DYNAMIC_NO_PIC = NO;
				GCC_NO_COMMON_BLOCKS = YES;
				GCC_OPTIMIZATION_LEVEL = 0;
				GCC_PREPROCESSOR_DEFINITIONS = (
					"DEBUG=1",
					"$(inherited)",
				);
				GCC_WARN_64_TO_32_BIT_CONVERSION = YES;
				GCC_WARN_ABOUT_RETURN_TYPE = YES_ERROR;
				GCC_WARN_UNDECLARED_SELECTOR = YES;
				GCC_WARN_UNINITIALIZED_AUTOS = YES_AGGRESSIVE;
				GCC_WARN_UNUSED_FUNCTION = YES;
				GCC_WARN_UNUSED_VARIABLE = YES;
				IPHONEOS_DEPLOYMENT_TARGET = 12.2;
				MTL_ENABLE_DEBUG_INFO = INCLUDE_SOURCE;
				MTL_FAST_MATH = YES;
				ONLY_ACTIVE_ARCH = YES;
				SDKROOT = iphoneos;
				SWIFT_ACTIVE_COMPILATION_CONDITIONS = DEBUG;
				SWIFT_OPTIMIZATION_LEVEL = "-Onone";
			};
			name = Debug;
		};
		3AB9524B22795337006B8E89 /* Release */ = {
			isa = XCBuildConfiguration;
			buildSettings = {
				ALWAYS_SEARCH_USER_PATHS = NO;
				CLANG_ANALYZER_NONNULL = YES;
				CLANG_ANALYZER_NUMBER_OBJECT_CONVERSION = YES_AGGRESSIVE;
				CLANG_CXX_LANGUAGE_STANDARD = "gnu++14";
				CLANG_CXX_LIBRARY = "libc++";
				CLANG_ENABLE_MODULES = YES;
				CLANG_ENABLE_OBJC_ARC = YES;
				CLANG_ENABLE_OBJC_WEAK = YES;
				CLANG_WARN_BLOCK_CAPTURE_AUTORELEASING = YES;
				CLANG_WARN_BOOL_CONVERSION = YES;
				CLANG_WARN_COMMA = YES;
				CLANG_WARN_CONSTANT_CONVERSION = YES;
				CLANG_WARN_DEPRECATED_OBJC_IMPLEMENTATIONS = YES;
				CLANG_WARN_DIRECT_OBJC_ISA_USAGE = YES_ERROR;
				CLANG_WARN_DOCUMENTATION_COMMENTS = YES;
				CLANG_WARN_EMPTY_BODY = YES;
				CLANG_WARN_ENUM_CONVERSION = YES;
				CLANG_WARN_INFINITE_RECURSION = YES;
				CLANG_WARN_INT_CONVERSION = YES;
				CLANG_WARN_NON_LITERAL_NULL_CONVERSION = YES;
				CLANG_WARN_OBJC_IMPLICIT_RETAIN_SELF = YES;
				CLANG_WARN_OBJC_LITERAL_CONVERSION = YES;
				CLANG_WARN_OBJC_ROOT_CLASS = YES_ERROR;
				CLANG_WARN_RANGE_LOOP_ANALYSIS = YES;
				CLANG_WARN_STRICT_PROTOTYPES = YES;
				CLANG_WARN_SUSPICIOUS_MOVE = YES;
				CLANG_WARN_UNGUARDED_AVAILABILITY = YES_AGGRESSIVE;
				CLANG_WARN_UNREACHABLE_CODE = YES;
				CLANG_WARN__DUPLICATE_METHOD_MATCH = YES;
				CODE_SIGN_IDENTITY = "iPhone Developer";
				COPY_PHASE_STRIP = NO;
				DEBUG_INFORMATION_FORMAT = "dwarf-with-dsym";
				ENABLE_NS_ASSERTIONS = NO;
				ENABLE_STRICT_OBJC_MSGSEND = YES;
				GCC_C_LANGUAGE_STANDARD = gnu11;
				GCC_NO_COMMON_BLOCKS = YES;
				GCC_WARN_64_TO_32_BIT_CONVERSION = YES;
				GCC_WARN_ABOUT_RETURN_TYPE = YES_ERROR;
				GCC_WARN_UNDECLARED_SELECTOR = YES;
				GCC_WARN_UNINITIALIZED_AUTOS = YES_AGGRESSIVE;
				GCC_WARN_UNUSED_FUNCTION = YES;
				GCC_WARN_UNUSED_VARIABLE = YES;
				IPHONEOS_DEPLOYMENT_TARGET = 12.2;
				MTL_ENABLE_DEBUG_INFO = NO;
				MTL_FAST_MATH = YES;
				SDKROOT = iphoneos;
				SWIFT_COMPILATION_MODE = wholemodule;
				SWIFT_OPTIMIZATION_LEVEL = "-O";
				VALIDATE_PRODUCT = YES;
			};
			name = Release;
		};
		3AB9524D22795337006B8E89 /* Debug */ = {
			isa = XCBuildConfiguration;
			baseConfigurationReference = 96125787716875B59255D238 /* Pods-Coinbase Icons.debug.xcconfig */;
			buildSettings = {
				ASSETCATALOG_COMPILER_APPICON_NAME = AppIcon;
				CODE_SIGN_STYLE = Automatic;
				DEVELOPMENT_TEAM = NG69HBMD6R;
				INFOPLIST_FILE = "Coinbase Icons/Info.plist";
				LD_RUNPATH_SEARCH_PATHS = (
					"$(inherited)",
					"@executable_path/Frameworks",
				);
				PRODUCT_BUNDLE_IDENTIFIER = "com.jadehopper.Coinbase-Icons";
				PRODUCT_NAME = "$(TARGET_NAME)";
				SWIFT_VERSION = 5.0;
				TARGETED_DEVICE_FAMILY = 1;
			};
			name = Debug;
		};
		3AB9524E22795337006B8E89 /* Release */ = {
			isa = XCBuildConfiguration;
			baseConfigurationReference = FFB4063A824C0AFDFB59D4B3 /* Pods-Coinbase Icons.release.xcconfig */;
			buildSettings = {
				ASSETCATALOG_COMPILER_APPICON_NAME = AppIcon;
				CODE_SIGN_STYLE = Automatic;
				DEVELOPMENT_TEAM = NG69HBMD6R;
				INFOPLIST_FILE = "Coinbase Icons/Info.plist";
				LD_RUNPATH_SEARCH_PATHS = (
					"$(inherited)",
					"@executable_path/Frameworks",
				);
				PRODUCT_BUNDLE_IDENTIFIER = "com.jadehopper.Coinbase-Icons";
				PRODUCT_NAME = "$(TARGET_NAME)";
				SWIFT_VERSION = 5.0;
				TARGETED_DEVICE_FAMILY = 1;
			};
			name = Release;
		};
/* End XCBuildConfiguration section */

/* Begin XCConfigurationList section */
		3AB9523522795336006B8E89 /* Build configuration list for PBXProject "Coinbase Icons" */ = {
			isa = XCConfigurationList;
			buildConfigurations = (
				3AB9524A22795337006B8E89 /* Debug */,
				3AB9524B22795337006B8E89 /* Release */,
			);
			defaultConfigurationIsVisible = 0;
			defaultConfigurationName = Release;
		};
		3AB9524C22795337006B8E89 /* Build configuration list for PBXNativeTarget "Coinbase Icons" */ = {
			isa = XCConfigurationList;
			buildConfigurations = (
				3AB9524D22795337006B8E89 /* Debug */,
				3AB9524E22795337006B8E89 /* Release */,
			);
			defaultConfigurationIsVisible = 0;
			defaultConfigurationName = Release;
		};
/* End XCConfigurationList section */
	};
	rootObject = 3AB9523222795336006B8E89 /* Project object */;
}
